// !$*UTF8*$!
{
	archiveVersion = 1;
	classes = {
	};
	objectVersion = 46;
	objects = {

/* Begin PBXFileReference section */
		1B74F8FC1A09D6EE0086FA4F /* poll.c */ = {isa = PBXFileReference; lastKnownFileType = sourcecode.c.c; name = poll.c; path = ../poll.c; sourceTree = "<group>"; };
		1B74F8FD1A09D6EE0086FA4F /* poll.h */ = {isa = PBXFileReference; lastKnownFileType = sourcecode.c.h; name = poll.h; path = ../poll.h; sourceTree = "<group>"; };
		1B74F8FE1A09D6EF0086FA4F /* request.c */ = {isa = PBXFileReference; lastKnownFileType = sourcecode.c.c; name = request.c; path = ../request.c; sourceTree = "<group>"; };
		1B74F8FF1A09D6EF0086FA4F /* request.h */ = {isa = PBXFileReference; lastKnownFileType = sourcecode.c.h; name = request.h; path = ../request.h; sourceTree = "<group>"; };
		1B74F9001A09D6EF0086FA4F /* server.c */ = {isa = PBXFileReference; lastKnownFileType = sourcecode.c.c; name = server.c; path = ../server.c; sourceTree = "<group>"; };
		1B74F9011A09D6EF0086FA4F /* string.c */ = {isa = PBXFileReference; lastKnownFileType = sourcecode.c.c; name = string.c; path = ../string.c; sourceTree = "<group>"; };
		1B74F9021A09D6EF0086FA4F /* string.h */ = {isa = PBXFileReference; lastKnownFileType = sourcecode.c.h; name = string.h; path = ../string.h; sourceTree = "<group>"; };
		1B74F9031A09D6EF0086FA4F /* uthash.h */ = {isa = PBXFileReference; lastKnownFileType = sourcecode.c.h; name = uthash.h; path = ../uthash.h; sourceTree = "<group>"; };
		1B74F9041A09D6F60086FA4F /* debug.h */ = {isa = PBXFileReference; lastKnownFileType = sourcecode.c.h; name = debug.h; path = ../debug.h; sourceTree = "<group>"; };
		1B74F9051A09D6F60086FA4F /* Makefile */ = {isa = PBXFileReference; lastKnownFileType = sourcecode.make; name = Makefile; path = ../Makefile; sourceTree = "<group>"; };
/* End PBXFileReference section */

/* Begin PBXGroup section */
		1B74F8F51A09D6C80086FA4F = {
			isa = PBXGroup;
			children = (
				1B74F9041A09D6F60086FA4F /* debug.h */,
				1B74F9051A09D6F60086FA4F /* Makefile */,
				1B74F8FC1A09D6EE0086FA4F /* poll.c */,
				1B74F8FD1A09D6EE0086FA4F /* poll.h */,
				1B74F8FE1A09D6EF0086FA4F /* request.c */,
				1B74F8FF1A09D6EF0086FA4F /* request.h */,
				1B74F9001A09D6EF0086FA4F /* server.c */,
				1B74F9011A09D6EF0086FA4F /* string.c */,
				1B74F9021A09D6EF0086FA4F /* string.h */,
				1B74F9031A09D6EF0086FA4F /* uthash.h */,
			);
			sourceTree = "<group>";
		};
/* End PBXGroup section */

/* Begin PBXProject section */
		1B74F8F61A09D6C80086FA4F /* Project object */ = {
			isa = PBXProject;
			attributes = {
				LastUpgradeCheck = 0600;
			};
			buildConfigurationList = 1B74F8F91A09D6C80086FA4F /* Build configuration list for PBXProject "poll" */;
			compatibilityVersion = "Xcode 3.2";
			developmentRegion = English;
			hasScannedForEncodings = 0;
			knownRegions = (
				en,
			);
			mainGroup = 1B74F8F51A09D6C80086FA4F;
			projectDirPath = "";
			projectRoot = "";
			targets = (
			);
		};
/* End PBXProject section */

/* Begin XCBuildConfiguration section */
		1B74F8FA1A09D6C80086FA4F /* Debug */ = {
			isa = XCBuildConfiguration;
			buildSettings = {
			};
			name = Debug;
		};
		1B74F8FB1A09D6C80086FA4F /* Release */ = {
			isa = XCBuildConfiguration;
			buildSettings = {
			};
			name = Release;
		};
/* End XCBuildConfiguration section */

/* Begin XCConfigurationList section */
		1B74F8F91A09D6C80086FA4F /* Build configuration list for PBXProject "poll" */ = {
			isa = XCConfigurationList;
			buildConfigurations = (
				1B74F8FA1A09D6C80086FA4F /* Debug */,
				1B74F8FB1A09D6C80086FA4F /* Release */,
			);
			defaultConfigurationIsVisible = 0;
			defaultConfigurationName = Release;
		};
/* End XCConfigurationList section */
	};
	rootObject = 1B74F8F61A09D6C80086FA4F /* Project object */;
}
